
Microsoft Visual Studio Solution File, Format Version 12.00
# Visual Studio Version 16
VisualStudioVersion = 16.0.30225.117
MinimumVisualStudioVersion = 10.0.40219.1
Project("{FAE04EC0-301F-11D3-BF4B-00C04F79EFBC}") = "RepMovilLeeChips", "WindowsFormsApp1\RepMovilLeeChips.csproj", "{ACDFCBBE-D78A-4B11-893F-61164A6DF5E2}"
EndProject
Global
	GlobalSection(SolutionConfigurationPlatforms) = preSolution
		Debug|Any CPU = Debug|Any CPU
		Release|Any CPU = Release|Any CPU
	EndGlobalSection
	GlobalSection(ProjectConfigurationPlatforms) = postSolution
		{ACDFCBBE-D78A-4B11-893F-61164A6DF5E2}.Debug|Any CPU.ActiveCfg = Debug|Any CPU
		{ACDFCBBE-D78A-4B11-893F-61164A6DF5E2}.Debug|Any CPU.Build.0 = Debug|Any CPU
		{ACDFCBBE-D78A-4B11-893F-61164A6DF5E2}.Release|Any CPU.ActiveCfg = Release|Any CPU
		{ACDFCBBE-D78A-4B11-893F-61164A6DF5E2}.Release|Any CPU.Build.0 = Release|Any CPU
	EndGlobalSection
	GlobalSection(SolutionProperties) = preSolution
		HideSolutionNode = FALSE
	EndGlobalSection
	GlobalSection(ExtensibilityGlobals) = postSolution
		SolutionGuid = {D2437117-1EBD-4273-8C6A-53564FCD3FEA}
	EndGlobalSection
EndGlobal
